
Microsoft Visual Studio Solution File, Format Version 12.00
# Visual Studio Version 16
VisualStudioVersion = 16.0.29418.71
MinimumVisualStudioVersion = 10.0.40219.1
Project("{FAE04EC0-301F-11D3-BF4B-00C04F79EFBC}") = "SingletonPattern", "SingletonPattern\SingletonPattern.csproj", "{B228456C-ED05-4326-89C4-7C79A55C497C}"
EndProject
Global
	GlobalSection(SolutionConfigurationPlatforms) = preSolution
		Debug|Any CPU = Debug|Any CPU
		Release|Any CPU = Release|Any CPU
	EndGlobalSection
	GlobalSection(ProjectConfigurationPlatforms) = postSolution
		{B228456C-ED05-4326-89C4-7C79A55C497C}.Debug|Any CPU.ActiveCfg = Debug|Any CPU
		{B228456C-ED05-4326-89C4-7C79A55C497C}.Debug|Any CPU.Build.0 = Debug|Any CPU
		{B228456C-ED05-4326-89C4-7C79A55C497C}.Release|Any CPU.ActiveCfg = Release|Any CPU
		{B228456C-ED05-4326-89C4-7C79A55C497C}.Release|Any CPU.Build.0 = Release|Any CPU
	EndGlobalSection
	GlobalSection(SolutionProperties) = preSolution
		HideSolutionNode = FALSE
	EndGlobalSection
	GlobalSection(ExtensibilityGlobals) = postSolution
		SolutionGuid = {9565D620-D858-42B8-91A0-DA5D307EEDB3}
	EndGlobalSection
EndGlobal
